{
  "name": "neojs_1",
  "version": "1.0.0",
  "lockfileVersion": 1,
  "requires": true,
  "dependencies": {
    "@cityofzion/neon-js": {
      "version": "3.7.3",
      "resolved": "https://registry.npmjs.org/@cityofzion/neon-js/-/neon-js-3.7.3.tgz",
      "integrity": "sha1-KXfROO+o+a4cUSPRZ7XXy8TlJns=",
      "requires": {
        "axios": "0.18.0",
        "bignumber.js": "5.0.0",
        "bs58": "4.0.1",
        "bs58check": "2.1.1",
        "crypto-js": "3.1.9-1",
        "elliptic": "6.4.0",
        "js-scrypt": "0.2.0",
        "loglevel": "1.6.1",
        "loglevel-plugin-prefix": "0.8.3",
        "scrypt-js": "2.0.3",
        "secure-random": "1.1.1",
        "semver": "5.5.0",
        "wif": "2.0.6"
      },
      "dependencies": {
        "axios": {
          "version": "0.18.0",
          "resolved": "https://registry.npmjs.org/axios/-/axios-0.18.0.tgz",
          "integrity": "sha1-MtU+SFHv3AoRmTts0AB4nXDAUQI=",
          "requires": {
            "follow-redirects": "1.5.0",
            "is-buffer": "1.1.6"
          }
        }
      }
    },
    "async": {
      "version": "2.5.0",
      "resolved": "https://registry.npmjs.org/async/-/async-2.5.0.tgz",
      "integrity": "sha512-e+lJAJeNWuPCNyxZKOBdaJGyLGHugXVQtrAwtuAe2vhxTYxFTKE73p8JuTmdH0qdQZtDvI4dhJwjZc5zsfIsYw==",
      "requires": {
        "lodash": "4.17.10"
      }
    },
    "axios": {
      "version": "0.16.2",
      "resolved": "https://registry.npmjs.org/axios/-/axios-0.16.2.tgz",
      "integrity": "sha1-uk+S8XFn37q0CYN4VFS5rBScPG0=",
      "requires": {
        "follow-redirects": "1.5.0",
        "is-buffer": "1.1.6"
      }
    },
    "base-x": {
      "version": "3.0.4",
      "resolved": "https://registry.npmjs.org/base-x/-/base-x-3.0.4.tgz",
      "integrity": "sha512-UYOadoSIkEI/VrRGSG6qp93rp2WdokiAiNYDfGW5qURAY8GiAQkvMbwNNSDYiVJopqv4gCna7xqf4rrNGp+5AA==",
      "requires": {
        "safe-buffer": "5.1.2"
      }
    },
    "bignumber.js": {
      "version": "5.0.0",
      "resolved": "https://registry.npmjs.org/bignumber.js/-/bignumber.js-5.0.0.tgz",
      "integrity": "sha512-KWTu6ZMVk9sxlDJQh2YH1UOnfDP8O8TpxUxgQG/vKASoSnEjK9aVuOueFaPcQEYQ5fyNXNTOYwYw3099RYebWg=="
    },
    "bluebird": {
      "version": "3.5.1",
      "resolved": "https://registry.npmjs.org/bluebird/-/bluebird-3.5.1.tgz",
      "integrity": "sha512-MKiLiV+I1AA596t9w1sQJ8jkiSr5+ZKi0WKrYGUn6d1Fx+Ij4tIj+m2WMQSGczs5jZVxV339chE8iwk6F64wjA=="
    },
    "bn.js": {
      "version": "4.11.8",
      "resolved": "https://registry.npmjs.org/bn.js/-/bn.js-4.11.8.tgz",
      "integrity": "sha512-ItfYfPLkWHUjckQCk8xC+LwxgK8NYcXywGigJgSwOP8Y2iyWT4f2vsZnoOXTTbo+o5yXmIUJ4gn5538SO5S3gA=="
    },
    "brorand": {
      "version": "1.1.0",
      "resolved": "https://registry.npmjs.org/brorand/-/brorand-1.1.0.tgz",
      "integrity": "sha1-EsJe/kCkXjwyPrhnWgoM5XsiNx8="
    },
    "bs58": {
      "version": "4.0.1",
      "resolved": "https://registry.npmjs.org/bs58/-/bs58-4.0.1.tgz",
      "integrity": "sha1-vhYedsNU9veIrkBx9j806MTwpCo=",
      "requires": {
        "base-x": "3.0.4"
      }
    },
    "bs58check": {
      "version": "2.1.1",
      "resolved": "https://registry.npmjs.org/bs58check/-/bs58check-2.1.1.tgz",
      "integrity": "sha512-okRQiWc5FJuA2VOwQ1hB7Sf0MyEFg/EwRN12h4b8HrJoGkZ3xq1CGjkaAfYloLcZyqixQnO5mhPpN6IcHSplVg==",
      "requires": {
        "bs58": "4.0.1",
        "create-hash": "1.2.0"
      }
    },
    "bson": {
      "version": "1.0.6",
      "resolved": "https://registry.npmjs.org/bson/-/bson-1.0.6.tgz",
      "integrity": "sha512-D8zmlb46xfuK2gGvKmUjIklQEouN2nQ0LEHHeZ/NoHM2LDiMk2EYzZ5Ntw/Urk+bgMDosOZxaRzXxvhI5TcAVQ=="
    },
    "buffer-shims": {
      "version": "1.0.0",
      "resolved": "https://registry.npmjs.org/buffer-shims/-/buffer-shims-1.0.0.tgz",
      "integrity": "sha1-mXjOMXOIxkmth5MCjDR37wRKi1E="
    },
    "cipher-base": {
      "version": "1.0.4",
      "resolved": "https://registry.npmjs.org/cipher-base/-/cipher-base-1.0.4.tgz",
      "integrity": "sha512-Kkht5ye6ZGmwv40uUDZztayT2ThLQGfnj/T71N/XzeZeo3nf8foyW7zGTsPYkEya3m5f3cAypH+qe7YOrM1U2Q==",
      "requires": {
        "inherits": "2.0.3",
        "safe-buffer": "5.1.2"
      }
    },
    "complex.js": {
      "version": "2.0.4",
      "resolved": "https://registry.npmjs.org/complex.js/-/complex.js-2.0.4.tgz",
      "integrity": "sha512-Syl95HpxUTS0QjwNxencZsKukgh1zdS9uXeXX2Us0pHaqBR6kiZZi0AkZ9VpZFwHJyVIUVzI4EumjWdXP3fy6w=="
    },
    "core-util-is": {
      "version": "1.0.2",
      "resolved": "https://registry.npmjs.org/core-util-is/-/core-util-is-1.0.2.tgz",
      "integrity": "sha1-tf1UIgqivFq1eqtxQMlAdUUDwac="
    },
    "create-hash": {
      "version": "1.2.0",
      "resolved": "https://registry.npmjs.org/create-hash/-/create-hash-1.2.0.tgz",
      "integrity": "sha512-z00bCGNHDG8mHAkP7CtT1qVu+bFQUPjYq/4Iv3C3kWjTFV10zIjfSoeqXo9Asws8gwSHDGj/hl2u4OGIjapeCg==",
      "requires": {
        "cipher-base": "1.0.4",
        "inherits": "2.0.3",
        "md5.js": "1.3.4",
        "ripemd160": "2.0.2",
        "sha.js": "2.4.11"
      }
    },
    "crypto-js": {
      "version": "3.1.9-1",
      "resolved": "https://registry.npmjs.org/crypto-js/-/crypto-js-3.1.9-1.tgz",
      "integrity": "sha1-/aGedh/Ad+Af+/3G6f38WeiAbNg="
    },
    "debug": {
      "version": "3.1.0",
      "resolved": "https://registry.npmjs.org/debug/-/debug-3.1.0.tgz",
      "integrity": "sha512-OX8XqP7/1a9cqkxYw2yXss15f26NKWBpDXQd0/uK/KPqdQhxbPa994hnzjcE2VqQpDslf55723cKPUOGSmMY3g==",
      "requires": {
        "ms": "2.0.0"
      }
    },
    "decimal.js": {
      "version": "9.0.1",
      "resolved": "https://registry.npmjs.org/decimal.js/-/decimal.js-9.0.1.tgz",
      "integrity": "sha512-2h0iKbJwnImBk4TGk7CG1xadoA0g3LDPlQhQzbZ221zvG0p2YVUedbKIPsOZXKZGx6YmZMJKYOalpCMxSdDqTQ=="
    },
    "elliptic": {
      "version": "6.4.0",
      "resolved": "https://registry.npmjs.org/elliptic/-/elliptic-6.4.0.tgz",
      "integrity": "sha1-ysmvh2LIWDYYcAPI3+GT5eLq5d8=",
      "requires": {
        "bn.js": "4.11.8",
        "brorand": "1.1.0",
        "hash.js": "1.1.3",
        "hmac-drbg": "1.0.1",
        "inherits": "2.0.3",
        "minimalistic-assert": "1.0.1",
        "minimalistic-crypto-utils": "1.0.1"
      }
    },
    "es6-promise": {
      "version": "3.2.1",
      "resolved": "https://registry.npmjs.org/es6-promise/-/es6-promise-3.2.1.tgz",
      "integrity": "sha1-7FYjOGgDKQkgcXDDlEjiREndH8Q="
    },
    "escape-latex": {
      "version": "1.0.3",
      "resolved": "https://registry.npmjs.org/escape-latex/-/escape-latex-1.0.3.tgz",
      "integrity": "sha512-GfKaG/7FOKdIdciylIzgaShBTPjdGQ5LJ2EcKLKXPLpcMO1MvCEVotkhydEShwCINRacZr2r3fk5A1PwZ4e5sA=="
    },
    "follow-redirects": {
      "version": "1.5.0",
      "resolved": "https://registry.npmjs.org/follow-redirects/-/follow-redirects-1.5.0.tgz",
      "integrity": "sha512-fdrt472/9qQ6Kgjvb935ig6vJCuofpBUD14f9Vb+SLlm7xIe4Qva5gey8EKtv8lp7ahE1wilg3xL1znpVGtZIA==",
      "requires": {
        "debug": "3.1.0"
      }
    },
    "fraction.js": {
      "version": "4.0.4",
      "resolved": "https://registry.npmjs.org/fraction.js/-/fraction.js-4.0.4.tgz",
      "integrity": "sha512-aK/oGatyYLTtXRHjfEsytX5fieeR5H4s8sLorzcT12taFS+dbMZejnvm9gRa8mZAPwci24ucjq9epDyaq5u8Iw=="
    },
    "generic-pool": {
      "version": "2.0.4",
      "resolved": "https://registry.npmjs.org/generic-pool/-/generic-pool-2.0.4.tgz",
      "integrity": "sha1-+XGN7agvoSXtXEPjQcmiFadm2aM="
    },
    "hash-base": {
      "version": "3.0.4",
      "resolved": "https://registry.npmjs.org/hash-base/-/hash-base-3.0.4.tgz",
      "integrity": "sha1-X8hoaEfs1zSZQDMZprCj8/auSRg=",
      "requires": {
        "inherits": "2.0.3",
        "safe-buffer": "5.1.2"
      }
    },
    "hash.js": {
      "version": "1.1.3",
      "resolved": "https://registry.npmjs.org/hash.js/-/hash.js-1.1.3.tgz",
      "integrity": "sha512-/UETyP0W22QILqS+6HowevwhEFJ3MBJnwTf75Qob9Wz9t0DPuisL8kW8YZMK62dHAKE1c1p+gY1TtOLY+USEHA==",
      "requires": {
        "inherits": "2.0.3",
        "minimalistic-assert": "1.0.1"
      }
    },
    "hmac-drbg": {
      "version": "1.0.1",
      "resolved": "https://registry.npmjs.org/hmac-drbg/-/hmac-drbg-1.0.1.tgz",
      "integrity": "sha1-0nRXAQJabHdabFRXk+1QL8DGSaE=",
      "requires": {
        "hash.js": "1.1.3",
        "minimalistic-assert": "1.0.1",
        "minimalistic-crypto-utils": "1.0.1"
      }
    },
    "hooks-fixed": {
      "version": "2.0.0",
      "resolved": "https://registry.npmjs.org/hooks-fixed/-/hooks-fixed-2.0.0.tgz",
      "integrity": "sha1-oB2JTVKsf2WZu7H2PfycQR33DLo="
    },
    "inherits": {
      "version": "2.0.3",
      "resolved": "https://registry.npmjs.org/inherits/-/inherits-2.0.3.tgz",
      "integrity": "sha1-Yzwsg+PaQqUC9SRmAiSA9CCCYd4="
    },
    "is-buffer": {
      "version": "1.1.6",
      "resolved": "https://registry.npmjs.org/is-buffer/-/is-buffer-1.1.6.tgz",
      "integrity": "sha512-NcdALwpXkTm5Zvvbk7owOUSvVvBKDgKP5/ewfXEznmQFfs4ZRmanOeKBTjRVjka3QFoN6XJ+9F3USqfHqTaU5w=="
    },
    "isarray": {
      "version": "1.0.0",
      "resolved": "https://registry.npmjs.org/isarray/-/isarray-1.0.0.tgz",
      "integrity": "sha1-u5NdSFgsuhaMBoNJV6VKPgcSTxE="
    },
    "javascript-natural-sort": {
      "version": "0.7.1",
      "resolved": "https://registry.npmjs.org/javascript-natural-sort/-/javascript-natural-sort-0.7.1.tgz",
      "integrity": "sha1-+eIwPUUH9tdDVac2ZNFED7Wg71k="
    },
    "js-scrypt": {
      "version": "0.2.0",
      "resolved": "https://registry.npmjs.org/js-scrypt/-/js-scrypt-0.2.0.tgz",
      "integrity": "sha1-emK3AbRhbnCtDN5URiequ5nX/jk=",
      "requires": {
        "generic-pool": "2.0.4"
      }
    },
    "kareem": {
      "version": "1.5.0",
      "resolved": "https://registry.npmjs.org/kareem/-/kareem-1.5.0.tgz",
      "integrity": "sha1-4+QQHZ3P3imXadr0tNtk2JXRdEg="
    },
    "lodash": {
      "version": "4.17.10",
      "resolved": "https://registry.npmjs.org/lodash/-/lodash-4.17.10.tgz",
      "integrity": "sha512-UejweD1pDoXu+AD825lWwp4ZGtSwgnpZxb3JDViD7StjQz+Nb/6l093lx4OQ0foGWNRoc19mWy7BzL+UAK2iVg=="
    },
    "loglevel": {
      "version": "1.6.1",
      "resolved": "https://registry.npmjs.org/loglevel/-/loglevel-1.6.1.tgz",
      "integrity": "sha1-4PyVEztu8nbNyIh82vJKpvFW+Po="
    },
    "loglevel-plugin-prefix": {
      "version": "0.8.3",
      "resolved": "https://registry.npmjs.org/loglevel-plugin-prefix/-/loglevel-plugin-prefix-0.8.3.tgz",
      "integrity": "sha512-oFDEE3krjFTlyXfdT6shN4HsIlDrbPyleI2WIgRfn//oUEVfe8dP7goO9ktTSdOQC08CTKshKHHdZXe4Dy9TxQ=="
    },
    "mathjs": {
      "version": "4.2.2",
      "resolved": "https://registry.npmjs.org/mathjs/-/mathjs-4.2.2.tgz",
      "integrity": "sha512-AKrRfTeGrCBqYN1TYEpLIwrfZh9rKu9lH4n7K0MwTiYqN5crJ7BKh/TnErFvbUmyRVQDv87UjSfNTqeO0JA0JQ==",
      "requires": {
        "complex.js": "2.0.4",
        "decimal.js": "9.0.1",
        "escape-latex": "1.0.3",
        "fraction.js": "4.0.4",
        "javascript-natural-sort": "0.7.1",
        "seed-random": "2.2.0",
        "tiny-emitter": "2.0.2",
        "typed-function": "1.0.3"
      }
    },
    "md5.js": {
      "version": "1.3.4",
      "resolved": "https://registry.npmjs.org/md5.js/-/md5.js-1.3.4.tgz",
      "integrity": "sha1-6b296UogpawYsENA/Fdk1bCdkB0=",
      "requires": {
        "hash-base": "3.0.4",
        "inherits": "2.0.3"
      }
    },
    "minimalistic-assert": {
      "version": "1.0.1",
      "resolved": "https://registry.npmjs.org/minimalistic-assert/-/minimalistic-assert-1.0.1.tgz",
      "integrity": "sha512-UtJcAD4yEaGtjPezWuO9wC4nwUnVH/8/Im3yEHQP4b67cXlD/Qr9hdITCU1xDbSEXg2XKNaP8jsReV7vQd00/A=="
    },
    "minimalistic-crypto-utils": {
      "version": "1.0.1",
      "resolved": "https://registry.npmjs.org/minimalistic-crypto-utils/-/minimalistic-crypto-utils-1.0.1.tgz",
      "integrity": "sha1-9sAMHAsIIkblxNmd+4x8CDsrWCo="
    },
    "moment": {
      "version": "2.22.1",
      "resolved": "https://registry.npmjs.org/moment/-/moment-2.22.1.tgz",
      "integrity": "sha512-shJkRTSebXvsVqk56I+lkb2latjBs8I+pc2TzWc545y2iFnSjm7Wg0QMh+ZWcdSLQyGEau5jI8ocnmkyTgr9YQ=="
    },
    "mongodb": {
      "version": "2.2.31",
      "resolved": "https://registry.npmjs.org/mongodb/-/mongodb-2.2.31.tgz",
      "integrity": "sha1-GUBEXGYeGSF7s7+CRdmFSq71SNs=",
      "requires": {
        "es6-promise": "3.2.1",
        "mongodb-core": "2.1.15",
        "readable-stream": "2.2.7"
      }
    },
    "mongodb-core": {
      "version": "2.1.15",
      "resolved": "https://registry.npmjs.org/mongodb-core/-/mongodb-core-2.1.15.tgz",
      "integrity": "sha1-hB9TuH//9MdFgYnDXIroJ+EWl2Q=",
      "requires": {
        "bson": "1.0.6",
        "require_optional": "1.0.1"
      }
    },
    "mongoose": {
      "version": "4.11.14",
      "resolved": "https://registry.npmjs.org/mongoose/-/mongoose-4.11.14.tgz",
      "integrity": "sha512-dZA7LA/YiBUcuYw8QarB+pMyeQt9ekRQPwMlwzakqn3PawVZ4Ywtr55XHP5Ga9fHV9atXSxNP3sQYjy2BzB4DA==",
      "requires": {
        "async": "2.1.4",
        "bson": "1.0.6",
        "hooks-fixed": "2.0.0",
        "kareem": "1.5.0",
        "mongodb": "2.2.31",
        "mpath": "0.3.0",
        "mpromise": "0.5.5",
        "mquery": "2.3.2",
        "ms": "2.0.0",
        "muri": "1.2.2",
        "regexp-clone": "0.0.1",
        "sliced": "1.0.1"
      },
      "dependencies": {
        "async": {
          "version": "2.1.4",
          "resolved": "https://registry.npmjs.org/async/-/async-2.1.4.tgz",
          "integrity": "sha1-LSFgx3iAMuTdbL4lAvH5osj2zeQ=",
          "requires": {
            "lodash": "4.17.10"
          }
        }
      }
    },
    "mpath": {
      "version": "0.3.0",
      "resolved": "https://registry.npmjs.org/mpath/-/mpath-0.3.0.tgz",
      "integrity": "sha1-elj3iem1/TyUUgY0FXlg8mvV70Q="
    },
    "mpromise": {
      "version": "0.5.5",
      "resolved": "https://registry.npmjs.org/mpromise/-/mpromise-0.5.5.tgz",
      "integrity": "sha1-9bJCWddjrMIlewoMjG2Gb9UXMuY="
    },
    "mquery": {
      "version": "2.3.2",
      "resolved": "https://registry.npmjs.org/mquery/-/mquery-2.3.2.tgz",
      "integrity": "sha512-KXWMypZSvhCuqRtza+HMQZdYw7PfFBjBTFvP31NNAq0OX0/NTIgpcDpkWQ2uTxk6vGQtwQ2elhwhs+ZvCA8OaA==",
      "requires": {
        "bluebird": "3.5.1",
        "debug": "2.6.9",
        "regexp-clone": "0.0.1",
        "sliced": "0.0.5"
      },
      "dependencies": {
        "debug": {
          "version": "2.6.9",
          "resolved": "https://registry.npmjs.org/debug/-/debug-2.6.9.tgz",
          "integrity": "sha512-bC7ElrdJaJnPbAP+1EotYvqZsb3ecl5wi6Bfi6BJTUcNowp6cvspg0jXznRTKDjm/E7AdgFBVeAPVMNcKGsHMA==",
          "requires": {
            "ms": "2.0.0"
          }
        },
        "sliced": {
          "version": "0.0.5",
          "resolved": "https://registry.npmjs.org/sliced/-/sliced-0.0.5.tgz",
          "integrity": "sha1-XtwETKTrb3gW1Qui/GPiXY/kcH8="
        }
      }
    },
    "ms": {
      "version": "2.0.0",
      "resolved": "https://registry.npmjs.org/ms/-/ms-2.0.0.tgz",
      "integrity": "sha1-VgiurfwAvmwpAd9fmGF4jeDVl8g="
    },
    "muri": {
      "version": "1.2.2",
      "resolved": "https://registry.npmjs.org/muri/-/muri-1.2.2.tgz",
      "integrity": "sha1-YxmBMmUNsIoEzHnM0A3Tia/SYxw="
    },
    "process-nextick-args": {
      "version": "1.0.7",
      "resolved": "https://registry.npmjs.org/process-nextick-args/-/process-nextick-args-1.0.7.tgz",
      "integrity": "sha1-FQ4gt1ZZCtP5EJPyWk8q2L/zC6M="
    },
    "readable-stream": {
      "version": "2.2.7",
      "resolved": "https://registry.npmjs.org/readable-stream/-/readable-stream-2.2.7.tgz",
      "integrity": "sha1-BwV6y+JGeyIELTb5jFrVBwVOlbE=",
      "requires": {
        "buffer-shims": "1.0.0",
        "core-util-is": "1.0.2",
        "inherits": "2.0.3",
        "isarray": "1.0.0",
        "process-nextick-args": "1.0.7",
        "string_decoder": "1.0.3",
        "util-deprecate": "1.0.2"
      }
    },
    "regexp-clone": {
      "version": "0.0.1",
      "resolved": "https://registry.npmjs.org/regexp-clone/-/regexp-clone-0.0.1.tgz",
      "integrity": "sha1-p8LgmJH9vzj7sQ03b7cwA+aKxYk="
    },
    "require_optional": {
      "version": "1.0.1",
      "resolved": "https://registry.npmjs.org/require_optional/-/require_optional-1.0.1.tgz",
      "integrity": "sha512-qhM/y57enGWHAe3v/NcwML6a3/vfESLe/sGM2dII+gEO0BpKRUkWZow/tyloNqJyN6kXSl3RyyM8Ll5D/sJP8g==",
      "requires": {
        "resolve-from": "2.0.0",
        "semver": "5.5.0"
      }
    },
    "resolve-from": {
      "version": "2.0.0",
      "resolved": "https://registry.npmjs.org/resolve-from/-/resolve-from-2.0.0.tgz",
      "integrity": "sha1-lICrIOlP+h2egKgEx+oUdhGWa1c="
    },
    "ripemd160": {
      "version": "2.0.2",
      "resolved": "https://registry.npmjs.org/ripemd160/-/ripemd160-2.0.2.tgz",
      "integrity": "sha512-ii4iagi25WusVoiC4B4lq7pbXfAp3D9v5CwfkY33vffw2+pkDjY1D8GaN7spsxvCSx8dkPqOZCEZyfxcmJG2IA==",
      "requires": {
        "hash-base": "3.0.4",
        "inherits": "2.0.3"
      }
    },
    "safe-buffer": {
      "version": "5.1.2",
      "resolved": "https://registry.npmjs.org/safe-buffer/-/safe-buffer-5.1.2.tgz",
      "integrity": "sha512-Gd2UZBJDkXlY7GbJxfsE8/nvKkUEU1G38c1siN6QP6a9PT9MmHB8GnpscSmMJSoF8LOIrt8ud/wPtojys4G6+g=="
    },
    "scrypt-js": {
      "version": "2.0.3",
      "resolved": "https://registry.npmjs.org/scrypt-js/-/scrypt-js-2.0.3.tgz",
      "integrity": "sha1-uwBAvgMEPamgEqLOqfyfhSz8h9Q="
    },
    "secure-random": {
      "version": "1.1.1",
      "resolved": "https://registry.npmjs.org/secure-random/-/secure-random-1.1.1.tgz",
      "integrity": "sha1-CIDy2MUYX0vLRoQFjINrTdsHFFo="
    },
    "seed-random": {
      "version": "2.2.0",
      "resolved": "https://registry.npmjs.org/seed-random/-/seed-random-2.2.0.tgz",
      "integrity": "sha1-KpsZ4lCoFwmSMaW5mk2vgLf77VQ="
    },
    "semver": {
      "version": "5.5.0",
      "resolved": "https://registry.npmjs.org/semver/-/semver-5.5.0.tgz",
      "integrity": "sha512-4SJ3dm0WAwWy/NVeioZh5AntkdJoWKxHxcmyP622fOkgHa4z3R0TdBJICINyaSDE6uNwVc8gZr+ZinwZAH4xIA=="
    },
    "sha.js": {
      "version": "2.4.11",
      "resolved": "https://registry.npmjs.org/sha.js/-/sha.js-2.4.11.tgz",
      "integrity": "sha512-QMEp5B7cftE7APOjk5Y6xgrbWu+WkLVQwk8JNjZ8nKRciZaByEW6MubieAiToS7+dwvrjGhH8jRXz3MVd0AYqQ==",
      "requires": {
        "inherits": "2.0.3",
        "safe-buffer": "5.1.2"
      }
    },
    "sliced": {
      "version": "1.0.1",
      "resolved": "https://registry.npmjs.org/sliced/-/sliced-1.0.1.tgz",
      "integrity": "sha1-CzpmK10Ewxd7GSa+qCsD+Dei70E="
    },
    "string_decoder": {
      "version": "1.0.3",
      "resolved": "https://registry.npmjs.org/string_decoder/-/string_decoder-1.0.3.tgz",
      "integrity": "sha512-4AH6Z5fzNNBcH+6XDMfA/BTt87skxqJlO0lAh3Dker5zThcAxG6mKz+iGu308UKoPPQ8Dcqx/4JhujzltRa+hQ==",
      "requires": {
        "safe-buffer": "5.1.2"
      }
    },
    "tiny-emitter": {
      "version": "2.0.2",
      "resolved": "https://registry.npmjs.org/tiny-emitter/-/tiny-emitter-2.0.2.tgz",
      "integrity": "sha512-2NM0auVBGft5tee/OxP4PI3d8WItkDM+fPnaRAVo6xTDI2knbz9eC5ArWGqtGlYqiH3RU5yMpdyTTO7MguC4ow=="
    },
    "typed-function": {
      "version": "1.0.3",
      "resolved": "https://registry.npmjs.org/typed-function/-/typed-function-1.0.3.tgz",
      "integrity": "sha512-sVC/1pm70oELDFMdYtFXMFqyawenLoaDiAXA3QvOAwKF/WvFNTSJN23cY2lFNL8iP0kh3T0PPKewrboO8XUVGQ=="
    },
    "util-deprecate": {
      "version": "1.0.2",
      "resolved": "https://registry.npmjs.org/util-deprecate/-/util-deprecate-1.0.2.tgz",
      "integrity": "sha1-RQ1Nyfpw3nMnYvvS1KKJgUGaDM8="
    },
    "wif": {
      "version": "2.0.6",
      "resolved": "https://registry.npmjs.org/wif/-/wif-2.0.6.tgz",
      "integrity": "sha1-CNP1IFbGZnkplyb63g1DKudLRwQ=",
      "requires": {
        "bs58check": "2.1.1"
      }
    }
  }
}
